
Microsoft Visual Studio Solution File, Format Version 12.00
# Visual Studio Version 17
VisualStudioVersion = 17.8.34322.80
MinimumVisualStudioVersion = 10.0.40219.1
Project("{FAE04EC0-301F-11D3-BF4B-00C04F79EFBC}") = "Ideengenerator_Kurzgeschichte", "Ideengenerator_Kurzgeschichte.csproj", "{3E3C5B9D-C163-4A77-BEC3-DFAAF148903A}"
EndProject
Global
	GlobalSection(SolutionConfigurationPlatforms) = preSolution
		Debug|Any CPU = Debug|Any CPU
		Release|Any CPU = Release|Any CPU
	EndGlobalSection
	GlobalSection(ProjectConfigurationPlatforms) = postSolution
		{3E3C5B9D-C163-4A77-BEC3-DFAAF148903A}.Debug|Any CPU.ActiveCfg = Debug|Any CPU
		{3E3C5B9D-C163-4A77-BEC3-DFAAF148903A}.Debug|Any CPU.Build.0 = Debug|Any CPU
		{3E3C5B9D-C163-4A77-BEC3-DFAAF148903A}.Release|Any CPU.ActiveCfg = Release|Any CPU
		{3E3C5B9D-C163-4A77-BEC3-DFAAF148903A}.Release|Any CPU.Build.0 = Release|Any CPU
	EndGlobalSection
	GlobalSection(SolutionProperties) = preSolution
		HideSolutionNode = FALSE
	EndGlobalSection
	GlobalSection(ExtensibilityGlobals) = postSolution
		SolutionGuid = {B369C9BB-42B6-4129-A1D6-81ED1BF251E6}
	EndGlobalSection
EndGlobal
